
Microsoft Visual Studio Solution File, Format Version 12.00
# Visual Studio Version 17
VisualStudioVersion = 17.3.32929.385
MinimumVisualStudioVersion = 10.0.40219.1
Project("{FAE04EC0-301F-11D3-BF4B-00C04F79EFBC}") = "TodoList.Web", "TodoList.Web\TodoList.Web.csproj", "{25222336-E620-4A6C-809E-9F7C4C6FFB9B}"
EndProject
Project("{FAE04EC0-301F-11D3-BF4B-00C04F79EFBC}") = "TodoList.Models", "TodoList.Models\TodoList.Models.csproj", "{27D8F5DA-2F23-4A2A-98D8-ADFD1057D45D}"
EndProject
Project("{FAE04EC0-301F-11D3-BF4B-00C04F79EFBC}") = "TodoList.Data", "TodoList.Data\TodoList.Data.csproj", "{761D5833-E9D6-4A55-B1EE-01193F4C7330}"
EndProject
Global
	GlobalSection(SolutionConfigurationPlatforms) = preSolution
		Debug|Any CPU = Debug|Any CPU
		Release|Any CPU = Release|Any CPU
	EndGlobalSection
	GlobalSection(ProjectConfigurationPlatforms) = postSolution
		{25222336-E620-4A6C-809E-9F7C4C6FFB9B}.Debug|Any CPU.ActiveCfg = Debug|Any CPU
		{25222336-E620-4A6C-809E-9F7C4C6FFB9B}.Debug|Any CPU.Build.0 = Debug|Any CPU
		{25222336-E620-4A6C-809E-9F7C4C6FFB9B}.Release|Any CPU.ActiveCfg = Release|Any CPU
		{25222336-E620-4A6C-809E-9F7C4C6FFB9B}.Release|Any CPU.Build.0 = Release|Any CPU
		{27D8F5DA-2F23-4A2A-98D8-ADFD1057D45D}.Debug|Any CPU.ActiveCfg = Debug|Any CPU
		{27D8F5DA-2F23-4A2A-98D8-ADFD1057D45D}.Debug|Any CPU.Build.0 = Debug|Any CPU
		{27D8F5DA-2F23-4A2A-98D8-ADFD1057D45D}.Release|Any CPU.ActiveCfg = Release|Any CPU
		{27D8F5DA-2F23-4A2A-98D8-ADFD1057D45D}.Release|Any CPU.Build.0 = Release|Any CPU
		{761D5833-E9D6-4A55-B1EE-01193F4C7330}.Debug|Any CPU.ActiveCfg = Debug|Any CPU
		{761D5833-E9D6-4A55-B1EE-01193F4C7330}.Debug|Any CPU.Build.0 = Debug|Any CPU
		{761D5833-E9D6-4A55-B1EE-01193F4C7330}.Release|Any CPU.ActiveCfg = Release|Any CPU
		{761D5833-E9D6-4A55-B1EE-01193F4C7330}.Release|Any CPU.Build.0 = Release|Any CPU
	EndGlobalSection
	GlobalSection(SolutionProperties) = preSolution
		HideSolutionNode = FALSE
	EndGlobalSection
	GlobalSection(ExtensibilityGlobals) = postSolution
		SolutionGuid = {6D32FDB8-6C82-4B94-B278-E8053573BF0E}
	EndGlobalSection
EndGlobal
